
Microsoft Visual Studio Solution File, Format Version 12.00
# Visual Studio Version 17
VisualStudioVersion = 17.9.34902.65
MinimumVisualStudioVersion = 10.0.40219.1
Project("{FAE04EC0-301F-11D3-BF4B-00C04F79EFBC}") = "aspDemoProject", "aspDemoProject\aspDemoProject.csproj", "{9DA0FB23-1878-4FAF-93A4-60E34B4D87B9}"
EndProject
Global
	GlobalSection(SolutionConfigurationPlatforms) = preSolution
		Debug|Any CPU = Debug|Any CPU
		Release|Any CPU = Release|Any CPU
	EndGlobalSection
	GlobalSection(ProjectConfigurationPlatforms) = postSolution
		{9DA0FB23-1878-4FAF-93A4-60E34B4D87B9}.Debug|Any CPU.ActiveCfg = Debug|Any CPU
		{9DA0FB23-1878-4FAF-93A4-60E34B4D87B9}.Debug|Any CPU.Build.0 = Debug|Any CPU
		{9DA0FB23-1878-4FAF-93A4-60E34B4D87B9}.Release|Any CPU.ActiveCfg = Release|Any CPU
		{9DA0FB23-1878-4FAF-93A4-60E34B4D87B9}.Release|Any CPU.Build.0 = Release|Any CPU
	EndGlobalSection
	GlobalSection(SolutionProperties) = preSolution
		HideSolutionNode = FALSE
	EndGlobalSection
	GlobalSection(ExtensibilityGlobals) = postSolution
		SolutionGuid = {EEB6AF8D-DCA8-4A6C-A619-4FEF78F3DD9B}
	EndGlobalSection
EndGlobal
